PODS:
  - ReactiveCocoa (12.0.0):
    - ReactiveSwift (~> 7.0)
  - ReactiveSwift (7.0.0)
  - SwiftLint (0.47.1)

DEPENDENCIES:
  - ReactiveCocoa
  - SwiftLint

SPEC REPOS:
  trunk:
    - ReactiveCocoa
    - ReactiveSwift
    - SwiftLint

SPEC CHECKSUMS:
  ReactiveCocoa: 5d10386f0ce09f922006efbf784881c5fade27c5
  ReactiveSwift: 48c4b9d3b497e8dd20b10300bb1a28ff93550f13
  SwiftLint: f80f1be7fa96d30e0aa68e58d45d4ea1ccaac519

PODFILE CHECKSUM: 0b81337c006aefbd22b71d997057889a28cf637e

COCOAPODS: 1.11.3
