// !$*UTF8*$!
{
	archiveVersion = 1;
	classes = {
	};
	objectVersion = 51;
	objects = {

/* Begin PBXBuildFile section */
		3017DCD2DCA7F340FDB2D4E9 /* Pods_Hahow_iOS_Recruit.framework in Frameworks */ = {isa = PBXBuildFile; fileRef = 49D84E1FB4D59E55855C1D97 /* Pods_Hahow_iOS_Recruit.framework */; };
		5A6CBF18C76FE99633124049 /* Pods_Hahow_iOS_Recruit_Hahow_iOS_RecruitUITests.framework in Frameworks */ = {isa = PBXBuildFile; fileRef = D7245BB4650F00429A554DFF /* Pods_Hahow_iOS_Recruit_Hahow_iOS_RecruitUITests.framework */; };
		65E9E1E7270C301A00DDEADC /* AppDelegate.swift in Sources */ = {isa = PBXBuildFile; fileRef = 65E9E1E6270C301A00DDEADC /* AppDelegate.swift */; };
		65E9E1E9270C301A00DDEADC /* SceneDelegate.swift in Sources */ = {isa = PBXBuildFile; fileRef = 65E9E1E8270C301A00DDEADC /* SceneDelegate.swift */; };
		65E9E1EB270C301A00DDEADC /* ViewController.swift in Sources */ = {isa = PBXBuildFile; fileRef = 65E9E1EA270C301A00DDEADC /* ViewController.swift */; };
		65E9E1EE270C301A00DDEADC /* Main.storyboard in Resources */ = {isa = PBXBuildFile; fileRef = 65E9E1EC270C301A00DDEADC /* Main.storyboard */; };
		65E9E1F0270C301B00DDEADC /* Assets.xcassets in Resources */ = {isa = PBXBuildFile; fileRef = 65E9E1EF270C301B00DDEADC /* Assets.xcassets */; };
		65E9E1F3270C301B00DDEADC /* LaunchScreen.storyboard in Resources */ = {isa = PBXBuildFile; fileRef = 65E9E1F1270C301B00DDEADC /* LaunchScreen.storyboard */; };
		65E9E1FE270C301B00DDEADC /* Hahow_iOS_RecruitTests.swift in Sources */ = {isa = PBXBuildFile; fileRef = 65E9E1FD270C301B00DDEADC /* Hahow_iOS_RecruitTests.swift */; };
		65E9E209270C301B00DDEADC /* Hahow_iOS_RecruitUITests.swift in Sources */ = {isa = PBXBuildFile; fileRef = 65E9E208270C301B00DDEADC /* Hahow_iOS_RecruitUITests.swift */; };
		65E9E217270C307D00DDEADC /* data.json in Resources */ = {isa = PBXBuildFile; fileRef = 65E9E216270C307D00DDEADC /* data.json */; };
		B76B19B27F79F3541D728165 /* Pods_Hahow_iOS_RecruitTests.framework in Frameworks */ = {isa = PBXBuildFile; fileRef = ADC82EFE1AC2F33C173B176E /* Pods_Hahow_iOS_RecruitTests.framework */; };
		C83230982851B70A00612EB1 /* .swiftlint.yml in Resources */ = {isa = PBXBuildFile; fileRef = C83230972851B70A00612EB1 /* .swiftlint.yml */; };
		C83230A42851B8EC00612EB1 /* CourseHomeViewController.swift in Sources */ = {isa = PBXBuildFile; fileRef = C83230A32851B8EC00612EB1 /* CourseHomeViewController.swift */; };
		C83230A62851B9DF00612EB1 /* Style.swift in Sources */ = {isa = PBXBuildFile; fileRef = C83230A52851B9DF00612EB1 /* Style.swift */; };
		C83230A828523C8B00612EB1 /* DataServiceProtocol.swift in Sources */ = {isa = PBXBuildFile; fileRef = C83230A728523C8B00612EB1 /* DataServiceProtocol.swift */; };
		C83230AC28523EC800612EB1 /* JSONDataHelper.swift in Sources */ = {isa = PBXBuildFile; fileRef = C83230AB28523EC800612EB1 /* JSONDataHelper.swift */; };
		C83230AE28524A4200612EB1 /* CourseModel.swift in Sources */ = {isa = PBXBuildFile; fileRef = C83230AD28524A4200612EB1 /* CourseModel.swift */; };
		C83230B028524AFE00612EB1 /* CategoryModel.swift in Sources */ = {isa = PBXBuildFile; fileRef = C83230AF28524AFE00612EB1 /* CategoryModel.swift */; };
		C83230B228524DDC00612EB1 /* CourseDataLoader.swift in Sources */ = {isa = PBXBuildFile; fileRef = C83230B128524DDC00612EB1 /* CourseDataLoader.swift */; };
		C83230B42852515500612EB1 /* DataModel.swift in Sources */ = {isa = PBXBuildFile; fileRef = C83230B32852515500612EB1 /* DataModel.swift */; };
		C83230B92854567B00612EB1 /* CourseHomeViewModel.swift in Sources */ = {isa = PBXBuildFile; fileRef = C83230B82854567B00612EB1 /* CourseHomeViewModel.swift */; };
		C83230BC28545F8000612EB1 /* CourseHomeBigCollectionViewCell.swift in Sources */ = {isa = PBXBuildFile; fileRef = C83230BA28545F8000612EB1 /* CourseHomeBigCollectionViewCell.swift */; };
		C83230BD28545F8000612EB1 /* CourseHomeBigCollectionViewCell.xib in Resources */ = {isa = PBXBuildFile; fileRef = C83230BB28545F8000612EB1 /* CourseHomeBigCollectionViewCell.xib */; };
		C83230C228546D5900612EB1 /* BaseCollectionReusableHeaderView.swift in Sources */ = {isa = PBXBuildFile; fileRef = C83230C128546D5900612EB1 /* BaseCollectionReusableHeaderView.swift */; };
		C83230C72854743300612EB1 /* Localizable.strings in Resources */ = {isa = PBXBuildFile; fileRef = C83230C62854743300612EB1 /* Localizable.strings */; };
		C83230CA285488E600612EB1 /* CourseHomeSmallCollectionViewCell.swift in Sources */ = {isa = PBXBuildFile; fileRef = C83230C8285488E600612EB1 /* CourseHomeSmallCollectionViewCell.swift */; };
		C83230CB285488E600612EB1 /* CourseHomeSmallCollectionViewCell.xib in Resources */ = {isa = PBXBuildFile; fileRef = C83230C9285488E600612EB1 /* CourseHomeSmallCollectionViewCell.xib */; };
		C866C4AB2855A2BD00C811F4 /* UIImageViewExtension.swift in Sources */ = {isa = PBXBuildFile; fileRef = C866C4AA2855A2BD00C811F4 /* UIImageViewExtension.swift */; };
		C866C4AD2855A51800C811F4 /* UIImageExtension.swift in Sources */ = {isa = PBXBuildFile; fileRef = C866C4AC2855A51800C811F4 /* UIImageExtension.swift */; };
		C866C4B02855B07C00C811F4 /* ErrorHelper.swift in Sources */ = {isa = PBXBuildFile; fileRef = C866C4AF2855B07C00C811F4 /* ErrorHelper.swift */; };
/* End PBXBuildFile section */

/* Begin PBXContainerItemProxy section */
		65E9E1FA270C301B00DDEADC /* PBXContainerItemProxy */ = {
			isa = PBXContainerItemProxy;
			containerPortal = 65E9E1DB270C301A00DDEADC /* Project object */;
			proxyType = 1;
			remoteGlobalIDString = 65E9E1E2270C301A00DDEADC;
			remoteInfo = "Hahow-iOS-Recruit";
		};
		65E9E205270C301B00DDEADC /* PBXContainerItemProxy */ = {
			isa = PBXContainerItemProxy;
			containerPortal = 65E9E1DB270C301A00DDEADC /* Project object */;
			proxyType = 1;
			remoteGlobalIDString = 65E9E1E2270C301A00DDEADC;
			remoteInfo = "Hahow-iOS-Recruit";
		};
/* End PBXContainerItemProxy section */

/* Begin PBXFileReference section */
		0ED01623ACC687DE40C4064E /* Pods-Hahow-iOS-Recruit.debug.xcconfig */ = {isa = PBXFileReference; includeInIndex = 1; lastKnownFileType = text.xcconfig; name = "Pods-Hahow-iOS-Recruit.debug.xcconfig"; path = "Target Support Files/Pods-Hahow-iOS-Recruit/Pods-Hahow-iOS-Recruit.debug.xcconfig"; sourceTree = "<group>"; };
		49D84E1FB4D59E55855C1D97 /* Pods_Hahow_iOS_Recruit.framework */ = {isa = PBXFileReference; explicitFileType = wrapper.framework; includeInIndex = 0; path = Pods_Hahow_iOS_Recruit.framework; sourceTree = BUILT_PRODUCTS_DIR; };
		521525205C86EBE3D05EDD8C /* Pods-Hahow-iOS-Recruit.release.xcconfig */ = {isa = PBXFileReference; includeInIndex = 1; lastKnownFileType = text.xcconfig; name = "Pods-Hahow-iOS-Recruit.release.xcconfig"; path = "Target Support Files/Pods-Hahow-iOS-Recruit/Pods-Hahow-iOS-Recruit.release.xcconfig"; sourceTree = "<group>"; };
		65E9E1E3270C301A00DDEADC /* Hahow-iOS-Recruit.app */ = {isa = PBXFileReference; explicitFileType = wrapper.application; includeInIndex = 0; path = "Hahow-iOS-Recruit.app"; sourceTree = BUILT_PRODUCTS_DIR; };
		65E9E1E6270C301A00DDEADC /* AppDelegate.swift */ = {isa = PBXFileReference; lastKnownFileType = sourcecode.swift; path = AppDelegate.swift; sourceTree = "<group>"; };
		65E9E1E8270C301A00DDEADC /* SceneDelegate.swift */ = {isa = PBXFileReference; lastKnownFileType = sourcecode.swift; path = SceneDelegate.swift; sourceTree = "<group>"; };
		65E9E1EA270C301A00DDEADC /* ViewController.swift */ = {isa = PBXFileReference; lastKnownFileType = sourcecode.swift; path = ViewController.swift; sourceTree = "<group>"; };
		65E9E1ED270C301A00DDEADC /* Base */ = {isa = PBXFileReference; lastKnownFileType = file.storyboard; name = Base; path = Base.lproj/Main.storyboard; sourceTree = "<group>"; };
		65E9E1EF270C301B00DDEADC /* Assets.xcassets */ = {isa = PBXFileReference; lastKnownFileType = folder.assetcatalog; path = Assets.xcassets; sourceTree = "<group>"; };
		65E9E1F2270C301B00DDEADC /* Base */ = {isa = PBXFileReference; lastKnownFileType = file.storyboard; name = Base; path = Base.lproj/LaunchScreen.storyboard; sourceTree = "<group>"; };
		65E9E1F4270C301B00DDEADC /* Info.plist */ = {isa = PBXFileReference; lastKnownFileType = text.plist.xml; path = Info.plist; sourceTree = "<group>"; };
		65E9E1F9270C301B00DDEADC /* Hahow-iOS-RecruitTests.xctest */ = {isa = PBXFileReference; explicitFileType = wrapper.cfbundle; includeInIndex = 0; path = "Hahow-iOS-RecruitTests.xctest"; sourceTree = BUILT_PRODUCTS_DIR; };
		65E9E1FD270C301B00DDEADC /* Hahow_iOS_RecruitTests.swift */ = {isa = PBXFileReference; lastKnownFileType = sourcecode.swift; path = Hahow_iOS_RecruitTests.swift; sourceTree = "<group>"; };
		65E9E1FF270C301B00DDEADC /* Info.plist */ = {isa = PBXFileReference; lastKnownFileType = text.plist.xml; path = Info.plist; sourceTree = "<group>"; };
		65E9E204270C301B00DDEADC /* Hahow-iOS-RecruitUITests.xctest */ = {isa = PBXFileReference; explicitFileType = wrapper.cfbundle; includeInIndex = 0; path = "Hahow-iOS-RecruitUITests.xctest"; sourceTree = BUILT_PRODUCTS_DIR; };
		65E9E208270C301B00DDEADC /* Hahow_iOS_RecruitUITests.swift */ = {isa = PBXFileReference; lastKnownFileType = sourcecode.swift; path = Hahow_iOS_RecruitUITests.swift; sourceTree = "<group>"; };
		65E9E20A270C301B00DDEADC /* Info.plist */ = {isa = PBXFileReference; lastKnownFileType = text.plist.xml; path = Info.plist; sourceTree = "<group>"; };
		65E9E216270C307D00DDEADC /* data.json */ = {isa = PBXFileReference; fileEncoding = 4; lastKnownFileType = text.json; path = data.json; sourceTree = "<group>"; };
		89B2187FCE6BE661F49E0E32 /* Pods-Hahow-iOS-Recruit-Hahow-iOS-RecruitUITests.debug.xcconfig */ = {isa = PBXFileReference; includeInIndex = 1; lastKnownFileType = text.xcconfig; name = "Pods-Hahow-iOS-Recruit-Hahow-iOS-RecruitUITests.debug.xcconfig"; path = "Target Support Files/Pods-Hahow-iOS-Recruit-Hahow-iOS-RecruitUITests/Pods-Hahow-iOS-Recruit-Hahow-iOS-RecruitUITests.debug.xcconfig"; sourceTree = "<group>"; };
		AD04632B3CA4BD8AF2C04CDA /* Pods-Hahow-iOS-RecruitTests.debug.xcconfig */ = {isa = PBXFileReference; includeInIndex = 1; lastKnownFileType = text.xcconfig; name = "Pods-Hahow-iOS-RecruitTests.debug.xcconfig"; path = "Target Support Files/Pods-Hahow-iOS-RecruitTests/Pods-Hahow-iOS-RecruitTests.debug.xcconfig"; sourceTree = "<group>"; };
		ADC82EFE1AC2F33C173B176E /* Pods_Hahow_iOS_RecruitTests.framework */ = {isa = PBXFileReference; explicitFileType = wrapper.framework; includeInIndex = 0; path = Pods_Hahow_iOS_RecruitTests.framework; sourceTree = BUILT_PRODUCTS_DIR; };
		C83230972851B70A00612EB1 /* .swiftlint.yml */ = {isa = PBXFileReference; fileEncoding = 4; lastKnownFileType = text.yaml; path = .swiftlint.yml; sourceTree = "<group>"; };
		C83230A32851B8EC00612EB1 /* CourseHomeViewController.swift */ = {isa = PBXFileReference; lastKnownFileType = sourcecode.swift; path = CourseHomeViewController.swift; sourceTree = "<group>"; };
		C83230A52851B9DF00612EB1 /* Style.swift */ = {isa = PBXFileReference; lastKnownFileType = sourcecode.swift; path = Style.swift; sourceTree = "<group>"; };
		C83230A728523C8B00612EB1 /* DataServiceProtocol.swift */ = {isa = PBXFileReference; lastKnownFileType = sourcecode.swift; path = DataServiceProtocol.swift; sourceTree = "<group>"; };
		C83230AB28523EC800612EB1 /* JSONDataHelper.swift */ = {isa = PBXFileReference; lastKnownFileType = sourcecode.swift; path = JSONDataHelper.swift; sourceTree = "<group>"; };
		C83230AD28524A4200612EB1 /* CourseModel.swift */ = {isa = PBXFileReference; lastKnownFileType = sourcecode.swift; path = CourseModel.swift; sourceTree = "<group>"; };
		C83230AF28524AFE00612EB1 /* CategoryModel.swift */ = {isa = PBXFileReference; lastKnownFileType = sourcecode.swift; path = CategoryModel.swift; sourceTree = "<group>"; };
		C83230B128524DDC00612EB1 /* CourseDataLoader.swift */ = {isa = PBXFileReference; lastKnownFileType = sourcecode.swift; path = CourseDataLoader.swift; sourceTree = "<group>"; };
		C83230B32852515500612EB1 /* DataModel.swift */ = {isa = PBXFileReference; lastKnownFileType = sourcecode.swift; path = DataModel.swift; sourceTree = "<group>"; };
		C83230B82854567B00612EB1 /* CourseHomeViewModel.swift */ = {isa = PBXFileReference; lastKnownFileType = sourcecode.swift; path = CourseHomeViewModel.swift; sourceTree = "<group>"; };
		C83230BA28545F8000612EB1 /* CourseHomeBigCollectionViewCell.swift */ = {isa = PBXFileReference; lastKnownFileType = sourcecode.swift; path = CourseHomeBigCollectionViewCell.swift; sourceTree = "<group>"; };
		C83230BB28545F8000612EB1 /* CourseHomeBigCollectionViewCell.xib */ = {isa = PBXFileReference; lastKnownFileType = file.xib; path = CourseHomeBigCollectionViewCell.xib; sourceTree = "<group>"; };
		C83230C128546D5900612EB1 /* BaseCollectionReusableHeaderView.swift */ = {isa = PBXFileReference; lastKnownFileType = sourcecode.swift; path = BaseCollectionReusableHeaderView.swift; sourceTree = "<group>"; };
		C83230C62854743300612EB1 /* Localizable.strings */ = {isa = PBXFileReference; lastKnownFileType = text.plist.strings; path = Localizable.strings; sourceTree = "<group>"; };
		C83230C8285488E600612EB1 /* CourseHomeSmallCollectionViewCell.swift */ = {isa = PBXFileReference; lastKnownFileType = sourcecode.swift; path = CourseHomeSmallCollectionViewCell.swift; sourceTree = "<group>"; };
		C83230C9285488E600612EB1 /* CourseHomeSmallCollectionViewCell.xib */ = {isa = PBXFileReference; lastKnownFileType = file.xib; path = CourseHomeSmallCollectionViewCell.xib; sourceTree = "<group>"; };
		C866C4AA2855A2BD00C811F4 /* UIImageViewExtension.swift */ = {isa = PBXFileReference; lastKnownFileType = sourcecode.swift; path = UIImageViewExtension.swift; sourceTree = "<group>"; };
		C866C4AC2855A51800C811F4 /* UIImageExtension.swift */ = {isa = PBXFileReference; lastKnownFileType = sourcecode.swift; path = UIImageExtension.swift; sourceTree = "<group>"; };
		C866C4AF2855B07C00C811F4 /* ErrorHelper.swift */ = {isa = PBXFileReference; lastKnownFileType = sourcecode.swift; path = ErrorHelper.swift; sourceTree = "<group>"; };
		CE953057EF0B99D3E9281965 /* Pods-Hahow-iOS-Recruit-Hahow-iOS-RecruitUITests.release.xcconfig */ = {isa = PBXFileReference; includeInIndex = 1; lastKnownFileType = text.xcconfig; name = "Pods-Hahow-iOS-Recruit-Hahow-iOS-RecruitUITests.release.xcconfig"; path = "Target Support Files/Pods-Hahow-iOS-Recruit-Hahow-iOS-RecruitUITests/Pods-Hahow-iOS-Recruit-Hahow-iOS-RecruitUITests.release.xcconfig"; sourceTree = "<group>"; };
		D7245BB4650F00429A554DFF /* Pods_Hahow_iOS_Recruit_Hahow_iOS_RecruitUITests.framework */ = {isa = PBXFileReference; explicitFileType = wrapper.framework; includeInIndex = 0; path = Pods_Hahow_iOS_Recruit_Hahow_iOS_RecruitUITests.framework; sourceTree = BUILT_PRODUCTS_DIR; };
		FCF7071715E5C8E6BB85CD39 /* Pods-Hahow-iOS-RecruitTests.release.xcconfig */ = {isa = PBXFileReference; includeInIndex = 1; lastKnownFileType = text.xcconfig; name = "Pods-Hahow-iOS-RecruitTests.release.xcconfig"; path = "Target Support Files/Pods-Hahow-iOS-RecruitTests/Pods-Hahow-iOS-RecruitTests.release.xcconfig"; sourceTree = "<group>"; };
/* End PBXFileReference section */

/* Begin PBXFrameworksBuildPhase section */
		65E9E1E0270C301A00DDEADC /* Frameworks */ = {
			isa = PBXFrameworksBuildPhase;
			buildActionMask = 2147483647;
			files = (
				3017DCD2DCA7F340FDB2D4E9 /* Pods_Hahow_iOS_Recruit.framework in Frameworks */,
			);
			runOnlyForDeploymentPostprocessing = 0;
		};
		65E9E1F6270C301B00DDEADC /* Frameworks */ = {
			isa = PBXFrameworksBuildPhase;
			buildActionMask = 2147483647;
			files = (
				B76B19B27F79F3541D728165 /* Pods_Hahow_iOS_RecruitTests.framework in Frameworks */,
			);
			runOnlyForDeploymentPostprocessing = 0;
		};
		65E9E201270C301B00DDEADC /* Frameworks */ = {
			isa = PBXFrameworksBuildPhase;
			buildActionMask = 2147483647;
			files = (
				5A6CBF18C76FE99633124049 /* Pods_Hahow_iOS_Recruit_Hahow_iOS_RecruitUITests.framework in Frameworks */,
			);
			runOnlyForDeploymentPostprocessing = 0;
		};
/* End PBXFrameworksBuildPhase section */

/* Begin PBXGroup section */
		65E9E1DA270C301A00DDEADC = {
			isa = PBXGroup;
			children = (
				C83230972851B70A00612EB1 /* .swiftlint.yml */,
				65E9E1E5270C301A00DDEADC /* Hahow-iOS-Recruit */,
				65E9E1FC270C301B00DDEADC /* Hahow-iOS-RecruitTests */,
				65E9E207270C301B00DDEADC /* Hahow-iOS-RecruitUITests */,
				65E9E1E4270C301A00DDEADC /* Products */,
				E1DF8D06E31CEAA06D6DF60F /* Pods */,
				78C1D13D2C9A2609B0D498A1 /* Frameworks */,
			);
			sourceTree = "<group>";
		};
		65E9E1E4270C301A00DDEADC /* Products */ = {
			isa = PBXGroup;
			children = (
				65E9E1E3270C301A00DDEADC /* Hahow-iOS-Recruit.app */,
				65E9E1F9270C301B00DDEADC /* Hahow-iOS-RecruitTests.xctest */,
				65E9E204270C301B00DDEADC /* Hahow-iOS-RecruitUITests.xctest */,
			);
			name = Products;
			sourceTree = "<group>";
		};
		65E9E1E5270C301A00DDEADC /* Hahow-iOS-Recruit */ = {
			isa = PBXGroup;
			children = (
				C866C4AE2855A82D00C811F4 /* Extensions */,
				C83230992851B85700612EB1 /* Utility */,
				C832309B2851B87000612EB1 /* Base */,
				C832309C2851B87C00612EB1 /* Home */,
				65E9E216270C307D00DDEADC /* data.json */,
				65E9E1E6270C301A00DDEADC /* AppDelegate.swift */,
				65E9E1E8270C301A00DDEADC /* SceneDelegate.swift */,
				65E9E1EA270C301A00DDEADC /* ViewController.swift */,
				65E9E1EC270C301A00DDEADC /* Main.storyboard */,
				65E9E1EF270C301B00DDEADC /* Assets.xcassets */,
				65E9E1F1270C301B00DDEADC /* LaunchScreen.storyboard */,
				65E9E1F4270C301B00DDEADC /* Info.plist */,
				C83230C62854743300612EB1 /* Localizable.strings */,
			);
			path = "Hahow-iOS-Recruit";
			sourceTree = "<group>";
		};
		65E9E1FC270C301B00DDEADC /* Hahow-iOS-RecruitTests */ = {
			isa = PBXGroup;
			children = (
				65E9E1FD270C301B00DDEADC /* Hahow_iOS_RecruitTests.swift */,
				65E9E1FF270C301B00DDEADC /* Info.plist */,
			);
			path = "Hahow-iOS-RecruitTests";
			sourceTree = "<group>";
		};
		65E9E207270C301B00DDEADC /* Hahow-iOS-RecruitUITests */ = {
			isa = PBXGroup;
			children = (
				65E9E208270C301B00DDEADC /* Hahow_iOS_RecruitUITests.swift */,
				65E9E20A270C301B00DDEADC /* Info.plist */,
			);
			path = "Hahow-iOS-RecruitUITests";
			sourceTree = "<group>";
		};
		78C1D13D2C9A2609B0D498A1 /* Frameworks */ = {
			isa = PBXGroup;
			children = (
				49D84E1FB4D59E55855C1D97 /* Pods_Hahow_iOS_Recruit.framework */,
				D7245BB4650F00429A554DFF /* Pods_Hahow_iOS_Recruit_Hahow_iOS_RecruitUITests.framework */,
				ADC82EFE1AC2F33C173B176E /* Pods_Hahow_iOS_RecruitTests.framework */,
			);
			name = Frameworks;
			sourceTree = "<group>";
		};
		C83230992851B85700612EB1 /* Utility */ = {
			isa = PBXGroup;
			children = (
				C83230A52851B9DF00612EB1 /* Style.swift */,
				C83230AB28523EC800612EB1 /* JSONDataHelper.swift */,
				C83230B128524DDC00612EB1 /* CourseDataLoader.swift */,
				C83230A728523C8B00612EB1 /* DataServiceProtocol.swift */,
				C866C4AF2855B07C00C811F4 /* ErrorHelper.swift */,
			);
			path = Utility;
			sourceTree = "<group>";
		};
		C832309A2851B86800612EB1 /* Model */ = {
			isa = PBXGroup;
			children = (
				C83230B32852515500612EB1 /* DataModel.swift */,
				C83230AD28524A4200612EB1 /* CourseModel.swift */,
				C83230AF28524AFE00612EB1 /* CategoryModel.swift */,
			);
			path = Model;
			sourceTree = "<group>";
		};
		C832309B2851B87000612EB1 /* Base */ = {
			isa = PBXGroup;
			children = (
				C83230C028546D0F00612EB1 /* View */,
			);
			path = Base;
			sourceTree = "<group>";
		};
		C832309C2851B87C00612EB1 /* Home */ = {
			isa = PBXGroup;
			children = (
				C832309E2851B8A700612EB1 /* View */,
				C832309F2851B8B000612EB1 /* View Model */,
				C832309D2851B89E00612EB1 /* Controller */,
				C832309A2851B86800612EB1 /* Model */,
			);
			path = Home;
			sourceTree = "<group>";
		};
		C832309D2851B89E00612EB1 /* Controller */ = {
			isa = PBXGroup;
			children = (
				C83230A32851B8EC00612EB1 /* CourseHomeViewController.swift */,
			);
			path = Controller;
			sourceTree = "<group>";
		};
		C832309E2851B8A700612EB1 /* View */ = {
			isa = PBXGroup;
			children = (
				C83230BA28545F8000612EB1 /* CourseHomeBigCollectionViewCell.swift */,
				C83230BB28545F8000612EB1 /* CourseHomeBigCollectionViewCell.xib */,
				C83230C8285488E600612EB1 /* CourseHomeSmallCollectionViewCell.swift */,
				C83230C9285488E600612EB1 /* CourseHomeSmallCollectionViewCell.xib */,
			);
			name = View;
			path = Controller/View;
			sourceTree = "<group>";
		};
		C832309F2851B8B000612EB1 /* View Model */ = {
			isa = PBXGroup;
			children = (
				C83230B82854567B00612EB1 /* CourseHomeViewModel.swift */,
			);
			path = "View Model";
			sourceTree = "<group>";
		};
		C83230C028546D0F00612EB1 /* View */ = {
			isa = PBXGroup;
			children = (
				C83230C128546D5900612EB1 /* BaseCollectionReusableHeaderView.swift */,
			);
			path = View;
			sourceTree = "<group>";
		};
		C866C4AE2855A82D00C811F4 /* Extensions */ = {
			isa = PBXGroup;
			children = (
				C866C4AA2855A2BD00C811F4 /* UIImageViewExtension.swift */,
				C866C4AC2855A51800C811F4 /* UIImageExtension.swift */,
			);
			path = Extensions;
			sourceTree = "<group>";
		};
		E1DF8D06E31CEAA06D6DF60F /* Pods */ = {
			isa = PBXGroup;
			children = (
				0ED01623ACC687DE40C4064E /* Pods-Hahow-iOS-Recruit.debug.xcconfig */,
				521525205C86EBE3D05EDD8C /* Pods-Hahow-iOS-Recruit.release.xcconfig */,
				89B2187FCE6BE661F49E0E32 /* Pods-Hahow-iOS-Recruit-Hahow-iOS-RecruitUITests.debug.xcconfig */,
				CE953057EF0B99D3E9281965 /* Pods-Hahow-iOS-Recruit-Hahow-iOS-RecruitUITests.release.xcconfig */,
				AD04632B3CA4BD8AF2C04CDA /* Pods-Hahow-iOS-RecruitTests.debug.xcconfig */,
				FCF7071715E5C8E6BB85CD39 /* Pods-Hahow-iOS-RecruitTests.release.xcconfig */,
			);
			path = Pods;
			sourceTree = "<group>";
		};
/* End PBXGroup section */

/* Begin PBXNativeTarget section */
		65E9E1E2270C301A00DDEADC /* Hahow-iOS-Recruit */ = {
			isa = PBXNativeTarget;
			buildConfigurationList = 65E9E20D270C301B00DDEADC /* Build configuration list for PBXNativeTarget "Hahow-iOS-Recruit" */;
			buildPhases = (
				0CBF540307EFBEB75BDD0ED8 /* [CP] Check Pods Manifest.lock */,
				65E9E1DF270C301A00DDEADC /* Sources */,
				65E9E1E0270C301A00DDEADC /* Frameworks */,
				65E9E1E1270C301A00DDEADC /* Resources */,
				C83230962851B6ED00612EB1 /* SwiftLint */,
				8AABBF4D29359F79D108A227 /* [CP] Embed Pods Frameworks */,
			);
			buildRules = (
			);
			dependencies = (
			);
			name = "Hahow-iOS-Recruit";
			productName = "Hahow-iOS-Recruit";
			productReference = 65E9E1E3270C301A00DDEADC /* Hahow-iOS-Recruit.app */;
			productType = "com.apple.product-type.application";
		};
		65E9E1F8270C301B00DDEADC /* Hahow-iOS-RecruitTests */ = {
			isa = PBXNativeTarget;
			buildConfigurationList = 65E9E210270C301B00DDEADC /* Build configuration list for PBXNativeTarget "Hahow-iOS-RecruitTests" */;
			buildPhases = (
				373F5BE6569CE02040899969 /* [CP] Check Pods Manifest.lock */,
				65E9E1F5270C301B00DDEADC /* Sources */,
				65E9E1F6270C301B00DDEADC /* Frameworks */,
				65E9E1F7270C301B00DDEADC /* Resources */,
			);
			buildRules = (
			);
			dependencies = (
				65E9E1FB270C301B00DDEADC /* PBXTargetDependency */,
			);
			name = "Hahow-iOS-RecruitTests";
			productName = "Hahow-iOS-RecruitTests";
			productReference = 65E9E1F9270C301B00DDEADC /* Hahow-iOS-RecruitTests.xctest */;
			productType = "com.apple.product-type.bundle.unit-test";
		};
		65E9E203270C301B00DDEADC /* Hahow-iOS-RecruitUITests */ = {
			isa = PBXNativeTarget;
			buildConfigurationList = 65E9E213270C301B00DDEADC /* Build configuration list for PBXNativeTarget "Hahow-iOS-RecruitUITests" */;
			buildPhases = (
				CDB07A6E4752FBDA798968B2 /* [CP] Check Pods Manifest.lock */,
				65E9E200270C301B00DDEADC /* Sources */,
				65E9E201270C301B00DDEADC /* Frameworks */,
				65E9E202270C301B00DDEADC /* Resources */,
				3AEF601A37A03CCB1FD4EE8C /* [CP] Embed Pods Frameworks */,
			);
			buildRules = (
			);
			dependencies = (
				65E9E206270C301B00DDEADC /* PBXTargetDependency */,
			);
			name = "Hahow-iOS-RecruitUITests";
			productName = "Hahow-iOS-RecruitUITests";
			productReference = 65E9E204270C301B00DDEADC /* Hahow-iOS-RecruitUITests.xctest */;
			productType = "com.apple.product-type.bundle.ui-testing";
		};
/* End PBXNativeTarget section */

/* Begin PBXProject section */
		65E9E1DB270C301A00DDEADC /* Project object */ = {
			isa = PBXProject;
			attributes = {
				LastSwiftUpdateCheck = 1250;
				LastUpgradeCheck = 1250;
				TargetAttributes = {
					65E9E1E2270C301A00DDEADC = {
						CreatedOnToolsVersion = 12.5.1;
					};
					65E9E1F8270C301B00DDEADC = {
						CreatedOnToolsVersion = 12.5.1;
						TestTargetID = 65E9E1E2270C301A00DDEADC;
					};
					65E9E203270C301B00DDEADC = {
						CreatedOnToolsVersion = 12.5.1;
						TestTargetID = 65E9E1E2270C301A00DDEADC;
					};
				};
			};
			buildConfigurationList = 65E9E1DE270C301A00DDEADC /* Build configuration list for PBXProject "Hahow-iOS-Recruit" */;
			compatibilityVersion = "Xcode 9.3";
			developmentRegion = en;
			hasScannedForEncodings = 0;
			knownRegions = (
				en,
				Base,
			);
			mainGroup = 65E9E1DA270C301A00DDEADC;
			productRefGroup = 65E9E1E4270C301A00DDEADC /* Products */;
			projectDirPath = "";
			projectRoot = "";
			targets = (
				65E9E1E2270C301A00DDEADC /* Hahow-iOS-Recruit */,
				65E9E1F8270C301B00DDEADC /* Hahow-iOS-RecruitTests */,
				65E9E203270C301B00DDEADC /* Hahow-iOS-RecruitUITests */,
			);
		};
/* End PBXProject section */

/* Begin PBXResourcesBuildPhase section */
		65E9E1E1270C301A00DDEADC /* Resources */ = {
			isa = PBXResourcesBuildPhase;
			buildActionMask = 2147483647;
			files = (
				C83230CB285488E600612EB1 /* CourseHomeSmallCollectionViewCell.xib in Resources */,
				C83230982851B70A00612EB1 /* .swiftlint.yml in Resources */,
				C83230BD28545F8000612EB1 /* CourseHomeBigCollectionViewCell.xib in Resources */,
				65E9E1F3270C301B00DDEADC /* LaunchScreen.storyboard in Resources */,
				C83230C72854743300612EB1 /* Localizable.strings in Resources */,
				65E9E1F0270C301B00DDEADC /* Assets.xcassets in Resources */,
				65E9E1EE270C301A00DDEADC /* Main.storyboard in Resources */,
				65E9E217270C307D00DDEADC /* data.json in Resources */,
			);
			runOnlyForDeploymentPostprocessing = 0;
		};
		65E9E1F7270C301B00DDEADC /* Resources */ = {
			isa = PBXResourcesBuildPhase;
			buildActionMask = 2147483647;
			files = (
			);
			runOnlyForDeploymentPostprocessing = 0;
		};
		65E9E202270C301B00DDEADC /* Resources */ = {
			isa = PBXResourcesBuildPhase;
			buildActionMask = 2147483647;
			files = (
			);
			runOnlyForDeploymentPostprocessing = 0;
		};
/* End PBXResourcesBuildPhase section */

/* Begin PBXShellScriptBuildPhase section */
		0CBF540307EFBEB75BDD0ED8 /* [CP] Check Pods Manifest.lock */ = {
			isa = PBXShellScriptBuildPhase;
			buildActionMask = 2147483647;
			files = (
			);
			inputFileListPaths = (
			);
			inputPaths = (
				"${PODS_PODFILE_DIR_PATH}/Podfile.lock",
				"${PODS_ROOT}/Manifest.lock",
			);
			name = "[CP] Check Pods Manifest.lock";
			outputFileListPaths = (
			);
			outputPaths = (
				"$(DERIVED_FILE_DIR)/Pods-Hahow-iOS-Recruit-checkManifestLockResult.txt",
			);
			runOnlyForDeploymentPostprocessing = 0;
			shellPath = /bin/sh;
			shellScript = "diff \"${PODS_PODFILE_DIR_PATH}/Podfile.lock\" \"${PODS_ROOT}/Manifest.lock\" > /dev/null\nif [ $? != 0 ] ; then\n    # print error to STDERR\n    echo \"error: The sandbox is not in sync with the Podfile.lock. Run 'pod install' or update your CocoaPods installation.\" >&2\n    exit 1\nfi\n# This output is used by Xcode 'outputs' to avoid re-running this script phase.\necho \"SUCCESS\" > \"${SCRIPT_OUTPUT_FILE_0}\"\n";
			showEnvVarsInLog = 0;
		};
		373F5BE6569CE02040899969 /* [CP] Check Pods Manifest.lock */ = {
			isa = PBXShellScriptBuildPhase;
			buildActionMask = 2147483647;
			files = (
			);
			inputFileListPaths = (
			);
			inputPaths = (
				"${PODS_PODFILE_DIR_PATH}/Podfile.lock",
				"${PODS_ROOT}/Manifest.lock",
			);
			name = "[CP] Check Pods Manifest.lock";
			outputFileListPaths = (
			);
			outputPaths = (
				"$(DERIVED_FILE_DIR)/Pods-Hahow-iOS-RecruitTests-checkManifestLockResult.txt",
			);
			runOnlyForDeploymentPostprocessing = 0;
			shellPath = /bin/sh;
			shellScript = "diff \"${PODS_PODFILE_DIR_PATH}/Podfile.lock\" \"${PODS_ROOT}/Manifest.lock\" > /dev/null\nif [ $? != 0 ] ; then\n    # print error to STDERR\n    echo \"error: The sandbox is not in sync with the Podfile.lock. Run 'pod install' or update your CocoaPods installation.\" >&2\n    exit 1\nfi\n# This output is used by Xcode 'outputs' to avoid re-running this script phase.\necho \"SUCCESS\" > \"${SCRIPT_OUTPUT_FILE_0}\"\n";
			showEnvVarsInLog = 0;
		};
		3AEF601A37A03CCB1FD4EE8C /* [CP] Embed Pods Frameworks */ = {
			isa = PBXShellScriptBuildPhase;
			buildActionMask = 2147483647;
			files = (
			);
			inputFileListPaths = (
				"${PODS_ROOT}/Target Support Files/Pods-Hahow-iOS-Recruit-Hahow-iOS-RecruitUITests/Pods-Hahow-iOS-Recruit-Hahow-iOS-RecruitUITests-frameworks-${CONFIGURATION}-input-files.xcfilelist",
			);
			name = "[CP] Embed Pods Frameworks";
			outputFileListPaths = (
				"${PODS_ROOT}/Target Support Files/Pods-Hahow-iOS-Recruit-Hahow-iOS-RecruitUITests/Pods-Hahow-iOS-Recruit-Hahow-iOS-RecruitUITests-frameworks-${CONFIGURATION}-output-files.xcfilelist",
			);
			runOnlyForDeploymentPostprocessing = 0;
			shellPath = /bin/sh;
			shellScript = "\"${PODS_ROOT}/Target Support Files/Pods-Hahow-iOS-Recruit-Hahow-iOS-RecruitUITests/Pods-Hahow-iOS-Recruit-Hahow-iOS-RecruitUITests-frameworks.sh\"\n";
			showEnvVarsInLog = 0;
		};
		8AABBF4D29359F79D108A227 /* [CP] Embed Pods Frameworks */ = {
			isa = PBXShellScriptBuildPhase;
			buildActionMask = 2147483647;
			files = (
			);
			inputFileListPaths = (
				"${PODS_ROOT}/Target Support Files/Pods-Hahow-iOS-Recruit/Pods-Hahow-iOS-Recruit-frameworks-${CONFIGURATION}-input-files.xcfilelist",
			);
			name = "[CP] Embed Pods Frameworks";
			outputFileListPaths = (
				"${PODS_ROOT}/Target Support Files/Pods-Hahow-iOS-Recruit/Pods-Hahow-iOS-Recruit-frameworks-${CONFIGURATION}-output-files.xcfilelist",
			);
			runOnlyForDeploymentPostprocessing = 0;
			shellPath = /bin/sh;
			shellScript = "\"${PODS_ROOT}/Target Support Files/Pods-Hahow-iOS-Recruit/Pods-Hahow-iOS-Recruit-frameworks.sh\"\n";
			showEnvVarsInLog = 0;
		};
		C83230962851B6ED00612EB1 /* SwiftLint */ = {
			isa = PBXShellScriptBuildPhase;
			buildActionMask = 2147483647;
			files = (
			);
			inputFileListPaths = (
			);
			inputPaths = (
			);
			name = SwiftLint;
			outputFileListPaths = (
			);
			outputPaths = (
			);
			runOnlyForDeploymentPostprocessing = 0;
			shellPath = /bin/sh;
			shellScript = "\"${PODS_ROOT}/SwiftLint/swiftlint\"\n";
		};
		CDB07A6E4752FBDA798968B2 /* [CP] Check Pods Manifest.lock */ = {
			isa = PBXShellScriptBuildPhase;
			buildActionMask = 2147483647;
			files = (
			);
			inputFileListPaths = (
			);
			inputPaths = (
				"${PODS_PODFILE_DIR_PATH}/Podfile.lock",
				"${PODS_ROOT}/Manifest.lock",
			);
			name = "[CP] Check Pods Manifest.lock";
			outputFileListPaths = (
			);
			outputPaths = (
				"$(DERIVED_FILE_DIR)/Pods-Hahow-iOS-Recruit-Hahow-iOS-RecruitUITests-checkManifestLockResult.txt",
			);
			runOnlyForDeploymentPostprocessing = 0;
			shellPath = /bin/sh;
			shellScript = "diff \"${PODS_PODFILE_DIR_PATH}/Podfile.lock\" \"${PODS_ROOT}/Manifest.lock\" > /dev/null\nif [ $? != 0 ] ; then\n    # print error to STDERR\n    echo \"error: The sandbox is not in sync with the Podfile.lock. Run 'pod install' or update your CocoaPods installation.\" >&2\n    exit 1\nfi\n# This output is used by Xcode 'outputs' to avoid re-running this script phase.\necho \"SUCCESS\" > \"${SCRIPT_OUTPUT_FILE_0}\"\n";
			showEnvVarsInLog = 0;
		};
/* End PBXShellScriptBuildPhase section */

/* Begin PBXSourcesBuildPhase section */
		65E9E1DF270C301A00DDEADC /* Sources */ = {
			isa = PBXSourcesBuildPhase;
			buildActionMask = 2147483647;
			files = (
				C83230AE28524A4200612EB1 /* CourseModel.swift in Sources */,
				C83230A828523C8B00612EB1 /* DataServiceProtocol.swift in Sources */,
				C866C4B02855B07C00C811F4 /* ErrorHelper.swift in Sources */,
				65E9E1EB270C301A00DDEADC /* ViewController.swift in Sources */,
				C83230CA285488E600612EB1 /* CourseHomeSmallCollectionViewCell.swift in Sources */,
				C83230B228524DDC00612EB1 /* CourseDataLoader.swift in Sources */,
				C83230BC28545F8000612EB1 /* CourseHomeBigCollectionViewCell.swift in Sources */,
				C83230B028524AFE00612EB1 /* CategoryModel.swift in Sources */,
				C83230B42852515500612EB1 /* DataModel.swift in Sources */,
				C83230C228546D5900612EB1 /* BaseCollectionReusableHeaderView.swift in Sources */,
				C83230AC28523EC800612EB1 /* JSONDataHelper.swift in Sources */,
				C83230A62851B9DF00612EB1 /* Style.swift in Sources */,
				C83230A42851B8EC00612EB1 /* CourseHomeViewController.swift in Sources */,
				C866C4AD2855A51800C811F4 /* UIImageExtension.swift in Sources */,
				C83230B92854567B00612EB1 /* CourseHomeViewModel.swift in Sources */,
				C866C4AB2855A2BD00C811F4 /* UIImageViewExtension.swift in Sources */,
				65E9E1E7270C301A00DDEADC /* AppDelegate.swift in Sources */,
				65E9E1E9270C301A00DDEADC /* SceneDelegate.swift in Sources */,
			);
			runOnlyForDeploymentPostprocessing = 0;
		};
		65E9E1F5270C301B00DDEADC /* Sources */ = {
			isa = PBXSourcesBuildPhase;
			buildActionMask = 2147483647;
			files = (
				65E9E1FE270C301B00DDEADC /* Hahow_iOS_RecruitTests.swift in Sources */,
			);
			runOnlyForDeploymentPostprocessing = 0;
		};
		65E9E200270C301B00DDEADC /* Sources */ = {
			isa = PBXSourcesBuildPhase;
			buildActionMask = 2147483647;
			files = (
				65E9E209270C301B00DDEADC /* Hahow_iOS_RecruitUITests.swift in Sources */,
			);
			runOnlyForDeploymentPostprocessing = 0;
		};
/* End PBXSourcesBuildPhase section */

/* Begin PBXTargetDependency section */
		65E9E1FB270C301B00DDEADC /* PBXTargetDependency */ = {
			isa = PBXTargetDependency;
			target = 65E9E1E2270C301A00DDEADC /* Hahow-iOS-Recruit */;
			targetProxy = 65E9E1FA270C301B00DDEADC /* PBXContainerItemProxy */;
		};
		65E9E206270C301B00DDEADC /* PBXTargetDependency */ = {
			isa = PBXTargetDependency;
			target = 65E9E1E2270C301A00DDEADC /* Hahow-iOS-Recruit */;
			targetProxy = 65E9E205270C301B00DDEADC /* PBXContainerItemProxy */;
		};
/* End PBXTargetDependency section */

/* Begin PBXVariantGroup section */
		65E9E1EC270C301A00DDEADC /* Main.storyboard */ = {
			isa = PBXVariantGroup;
			children = (
				65E9E1ED270C301A00DDEADC /* Base */,
			);
			name = Main.storyboard;
			sourceTree = "<group>";
		};
		65E9E1F1270C301B00DDEADC /* LaunchScreen.storyboard */ = {
			isa = PBXVariantGroup;
			children = (
				65E9E1F2270C301B00DDEADC /* Base */,
			);
			name = LaunchScreen.storyboard;
			sourceTree = "<group>";
		};
/* End PBXVariantGroup section */

/* Begin XCBuildConfiguration section */
		65E9E20B270C301B00DDEADC /* Debug */ = {
			isa = XCBuildConfiguration;
			buildSettings = {
				ALWAYS_SEARCH_USER_PATHS = NO;
				CLANG_ANALYZER_NONNULL = YES;
				CLANG_ANALYZER_NUMBER_OBJECT_CONVERSION = YES_AGGRESSIVE;
				CLANG_CXX_LANGUAGE_STANDARD = "gnu++14";
				CLANG_CXX_LIBRARY = "libc++";
				CLANG_ENABLE_MODULES = YES;
				CLANG_ENABLE_OBJC_ARC = YES;
				CLANG_ENABLE_OBJC_WEAK = YES;
				CLANG_WARN_BLOCK_CAPTURE_AUTORELEASING = YES;
				CLANG_WARN_BOOL_CONVERSION = YES;
				CLANG_WARN_COMMA = YES;
				CLANG_WARN_CONSTANT_CONVERSION = YES;
				CLANG_WARN_DEPRECATED_OBJC_IMPLEMENTATIONS = YES;
				CLANG_WARN_DIRECT_OBJC_ISA_USAGE = YES_ERROR;
				CLANG_WARN_DOCUMENTATION_COMMENTS = YES;
				CLANG_WARN_EMPTY_BODY = YES;
				CLANG_WARN_ENUM_CONVERSION = YES;
				CLANG_WARN_INFINITE_RECURSION = YES;
				CLANG_WARN_INT_CONVERSION = YES;
				CLANG_WARN_NON_LITERAL_NULL_CONVERSION = YES;
				CLANG_WARN_OBJC_IMPLICIT_RETAIN_SELF = YES;
				CLANG_WARN_OBJC_LITERAL_CONVERSION = YES;
				CLANG_WARN_OBJC_ROOT_CLASS = YES_ERROR;
				CLANG_WARN_QUOTED_INCLUDE_IN_FRAMEWORK_HEADER = YES;
				CLANG_WARN_RANGE_LOOP_ANALYSIS = YES;
				CLANG_WARN_STRICT_PROTOTYPES = YES;
				CLANG_WARN_SUSPICIOUS_MOVE = YES;
				CLANG_WARN_UNGUARDED_AVAILABILITY = YES_AGGRESSIVE;
				CLANG_WARN_UNREACHABLE_CODE = YES;
				CLANG_WARN__DUPLICATE_METHOD_MATCH = YES;
				COPY_PHASE_STRIP = NO;
				DEBUG_INFORMATION_FORMAT = dwarf;
				ENABLE_STRICT_OBJC_MSGSEND = YES;
				ENABLE_TESTABILITY = YES;
				GCC_C_LANGUAGE_STANDARD = gnu11;
				GCC_DYNAMIC_NO_PIC = NO;
				GCC_NO_COMMON_BLOCKS = YES;
				GCC_OPTIMIZATION_LEVEL = 0;
				GCC_PREPROCESSOR_DEFINITIONS = (
					"DEBUG=1",
					"$(inherited)",
				);
				GCC_WARN_64_TO_32_BIT_CONVERSION = YES;
				GCC_WARN_ABOUT_RETURN_TYPE = YES_ERROR;
				GCC_WARN_UNDECLARED_SELECTOR = YES;
				GCC_WARN_UNINITIALIZED_AUTOS = YES_AGGRESSIVE;
				GCC_WARN_UNUSED_FUNCTION = YES;
				GCC_WARN_UNUSED_VARIABLE = YES;
				IPHONEOS_DEPLOYMENT_TARGET = 13.0;
				MTL_ENABLE_DEBUG_INFO = INCLUDE_SOURCE;
				MTL_FAST_MATH = YES;
				ONLY_ACTIVE_ARCH = YES;
				SDKROOT = iphoneos;
				SWIFT_ACTIVE_COMPILATION_CONDITIONS = DEBUG;
				SWIFT_OPTIMIZATION_LEVEL = "-Onone";
			};
			name = Debug;
		};
		65E9E20C270C301B00DDEADC /* Release */ = {
			isa = XCBuildConfiguration;
			buildSettings = {
				ALWAYS_SEARCH_USER_PATHS = NO;
				CLANG_ANALYZER_NONNULL = YES;
				CLANG_ANALYZER_NUMBER_OBJECT_CONVERSION = YES_AGGRESSIVE;
				CLANG_CXX_LANGUAGE_STANDARD = "gnu++14";
				CLANG_CXX_LIBRARY = "libc++";
				CLANG_ENABLE_MODULES = YES;
				CLANG_ENABLE_OBJC_ARC = YES;
				CLANG_ENABLE_OBJC_WEAK = YES;
				CLANG_WARN_BLOCK_CAPTURE_AUTORELEASING = YES;
				CLANG_WARN_BOOL_CONVERSION = YES;
				CLANG_WARN_COMMA = YES;
				CLANG_WARN_CONSTANT_CONVERSION = YES;
				CLANG_WARN_DEPRECATED_OBJC_IMPLEMENTATIONS = YES;
				CLANG_WARN_DIRECT_OBJC_ISA_USAGE = YES_ERROR;
				CLANG_WARN_DOCUMENTATION_COMMENTS = YES;
				CLANG_WARN_EMPTY_BODY = YES;
				CLANG_WARN_ENUM_CONVERSION = YES;
				CLANG_WARN_INFINITE_RECURSION = YES;
				CLANG_WARN_INT_CONVERSION = YES;
				CLANG_WARN_NON_LITERAL_NULL_CONVERSION = YES;
				CLANG_WARN_OBJC_IMPLICIT_RETAIN_SELF = YES;
				CLANG_WARN_OBJC_LITERAL_CONVERSION = YES;
				CLANG_WARN_OBJC_ROOT_CLASS = YES_ERROR;
				CLANG_WARN_QUOTED_INCLUDE_IN_FRAMEWORK_HEADER = YES;
				CLANG_WARN_RANGE_LOOP_ANALYSIS = YES;
				CLANG_WARN_STRICT_PROTOTYPES = YES;
				CLANG_WARN_SUSPICIOUS_MOVE = YES;
				CLANG_WARN_UNGUARDED_AVAILABILITY = YES_AGGRESSIVE;
				CLANG_WARN_UNREACHABLE_CODE = YES;
				CLANG_WARN__DUPLICATE_METHOD_MATCH = YES;
				COPY_PHASE_STRIP = NO;
				DEBUG_INFORMATION_FORMAT = "dwarf-with-dsym";
				ENABLE_NS_ASSERTIONS = NO;
				ENABLE_STRICT_OBJC_MSGSEND = YES;
				GCC_C_LANGUAGE_STANDARD = gnu11;
				GCC_NO_COMMON_BLOCKS = YES;
				GCC_WARN_64_TO_32_BIT_CONVERSION = YES;
				GCC_WARN_ABOUT_RETURN_TYPE = YES_ERROR;
				GCC_WARN_UNDECLARED_SELECTOR = YES;
				GCC_WARN_UNINITIALIZED_AUTOS = YES_AGGRESSIVE;
				GCC_WARN_UNUSED_FUNCTION = YES;
				GCC_WARN_UNUSED_VARIABLE = YES;
				IPHONEOS_DEPLOYMENT_TARGET = 13.0;
				MTL_ENABLE_DEBUG_INFO = NO;
				MTL_FAST_MATH = YES;
				SDKROOT = iphoneos;
				SWIFT_COMPILATION_MODE = wholemodule;
				SWIFT_OPTIMIZATION_LEVEL = "-O";
				VALIDATE_PRODUCT = YES;
			};
			name = Release;
		};
		65E9E20E270C301B00DDEADC /* Debug */ = {
			isa = XCBuildConfiguration;
			baseConfigurationReference = 0ED01623ACC687DE40C4064E /* Pods-Hahow-iOS-Recruit.debug.xcconfig */;
			buildSettings = {
				ASSETCATALOG_COMPILER_APPICON_NAME = AppIcon;
				ASSETCATALOG_COMPILER_GLOBAL_ACCENT_COLOR_NAME = AccentColor;
				CODE_SIGN_STYLE = Automatic;
				INFOPLIST_FILE = "Hahow-iOS-Recruit/Info.plist";
				LD_RUNPATH_SEARCH_PATHS = (
					"$(inherited)",
					"@executable_path/Frameworks",
				);
				PRODUCT_BUNDLE_IDENTIFIER = "in.hahow.Hahow-iOS-Recruit";
				PRODUCT_NAME = "$(TARGET_NAME)";
				SWIFT_VERSION = 5.0;
				TARGETED_DEVICE_FAMILY = "1,2";
			};
			name = Debug;
		};
		65E9E20F270C301B00DDEADC /* Release */ = {
			isa = XCBuildConfiguration;
			baseConfigurationReference = 521525205C86EBE3D05EDD8C /* Pods-Hahow-iOS-Recruit.release.xcconfig */;
			buildSettings = {
				ASSETCATALOG_COMPILER_APPICON_NAME = AppIcon;
				ASSETCATALOG_COMPILER_GLOBAL_ACCENT_COLOR_NAME = AccentColor;
				CODE_SIGN_STYLE = Automatic;
				INFOPLIST_FILE = "Hahow-iOS-Recruit/Info.plist";
				LD_RUNPATH_SEARCH_PATHS = (
					"$(inherited)",
					"@executable_path/Frameworks",
				);
				PRODUCT_BUNDLE_IDENTIFIER = "in.hahow.Hahow-iOS-Recruit";
				PRODUCT_NAME = "$(TARGET_NAME)";
				SWIFT_VERSION = 5.0;
				TARGETED_DEVICE_FAMILY = "1,2";
			};
			name = Release;
		};
		65E9E211270C301B00DDEADC /* Debug */ = {
			isa = XCBuildConfiguration;
			baseConfigurationReference = AD04632B3CA4BD8AF2C04CDA /* Pods-Hahow-iOS-RecruitTests.debug.xcconfig */;
			buildSettings = {
				ALWAYS_EMBED_SWIFT_STANDARD_LIBRARIES = YES;
				BUNDLE_LOADER = "$(TEST_HOST)";
				CODE_SIGN_STYLE = Automatic;
				INFOPLIST_FILE = "Hahow-iOS-RecruitTests/Info.plist";
				IPHONEOS_DEPLOYMENT_TARGET = 14.5;
				LD_RUNPATH_SEARCH_PATHS = (
					"$(inherited)",
					"@executable_path/Frameworks",
					"@loader_path/Frameworks",
				);
				PRODUCT_BUNDLE_IDENTIFIER = "in.hahow.Hahow-iOS-RecruitTests";
				PRODUCT_NAME = "$(TARGET_NAME)";
				SWIFT_VERSION = 5.0;
				TARGETED_DEVICE_FAMILY = "1,2";
				TEST_HOST = "$(BUILT_PRODUCTS_DIR)/Hahow-iOS-Recruit.app/Hahow-iOS-Recruit";
			};
			name = Debug;
		};
		65E9E212270C301B00DDEADC /* Release */ = {
			isa = XCBuildConfiguration;
			baseConfigurationReference = FCF7071715E5C8E6BB85CD39 /* Pods-Hahow-iOS-RecruitTests.release.xcconfig */;
			buildSettings = {
				ALWAYS_EMBED_SWIFT_STANDARD_LIBRARIES = YES;
				BUNDLE_LOADER = "$(TEST_HOST)";
				CODE_SIGN_STYLE = Automatic;
				INFOPLIST_FILE = "Hahow-iOS-RecruitTests/Info.plist";
				IPHONEOS_DEPLOYMENT_TARGET = 14.5;
				LD_RUNPATH_SEARCH_PATHS = (
					"$(inherited)",
					"@executable_path/Frameworks",
					"@loader_path/Frameworks",
				);
				PRODUCT_BUNDLE_IDENTIFIER = "in.hahow.Hahow-iOS-RecruitTests";
				PRODUCT_NAME = "$(TARGET_NAME)";
				SWIFT_VERSION = 5.0;
				TARGETED_DEVICE_FAMILY = "1,2";
				TEST_HOST = "$(BUILT_PRODUCTS_DIR)/Hahow-iOS-Recruit.app/Hahow-iOS-Recruit";
			};
			name = Release;
		};
		65E9E214270C301B00DDEADC /* Debug */ = {
			isa = XCBuildConfiguration;
			baseConfigurationReference = 89B2187FCE6BE661F49E0E32 /* Pods-Hahow-iOS-Recruit-Hahow-iOS-RecruitUITests.debug.xcconfig */;
			buildSettings = {
				ALWAYS_EMBED_SWIFT_STANDARD_LIBRARIES = "$(inherited)";
				CODE_SIGN_STYLE = Automatic;
				INFOPLIST_FILE = "Hahow-iOS-RecruitUITests/Info.plist";
				LD_RUNPATH_SEARCH_PATHS = (
					"$(inherited)",
					"@executable_path/Frameworks",
					"@loader_path/Frameworks",
				);
				PRODUCT_BUNDLE_IDENTIFIER = "in.hahow.Hahow-iOS-RecruitUITests";
				PRODUCT_NAME = "$(TARGET_NAME)";
				SWIFT_VERSION = 5.0;
				TARGETED_DEVICE_FAMILY = "1,2";
				TEST_TARGET_NAME = "Hahow-iOS-Recruit";
			};
			name = Debug;
		};
		65E9E215270C301B00DDEADC /* Release */ = {
			isa = XCBuildConfiguration;
			baseConfigurationReference = CE953057EF0B99D3E9281965 /* Pods-Hahow-iOS-Recruit-Hahow-iOS-RecruitUITests.release.xcconfig */;
			buildSettings = {
				ALWAYS_EMBED_SWIFT_STANDARD_LIBRARIES = "$(inherited)";
				CODE_SIGN_STYLE = Automatic;
				INFOPLIST_FILE = "Hahow-iOS-RecruitUITests/Info.plist";
				LD_RUNPATH_SEARCH_PATHS = (
					"$(inherited)",
					"@executable_path/Frameworks",
					"@loader_path/Frameworks",
				);
				PRODUCT_BUNDLE_IDENTIFIER = "in.hahow.Hahow-iOS-RecruitUITests";
				PRODUCT_NAME = "$(TARGET_NAME)";
				SWIFT_VERSION = 5.0;
				TARGETED_DEVICE_FAMILY = "1,2";
				TEST_TARGET_NAME = "Hahow-iOS-Recruit";
			};
			name = Release;
		};
/* End XCBuildConfiguration section */

/* Begin XCConfigurationList section */
		65E9E1DE270C301A00DDEADC /* Build configuration list for PBXProject "Hahow-iOS-Recruit" */ = {
			isa = XCConfigurationList;
			buildConfigurations = (
				65E9E20B270C301B00DDEADC /* Debug */,
				65E9E20C270C301B00DDEADC /* Release */,
			);
			defaultConfigurationIsVisible = 0;
			defaultConfigurationName = Release;
		};
		65E9E20D270C301B00DDEADC /* Build configuration list for PBXNativeTarget "Hahow-iOS-Recruit" */ = {
			isa = XCConfigurationList;
			buildConfigurations = (
				65E9E20E270C301B00DDEADC /* Debug */,
				65E9E20F270C301B00DDEADC /* Release */,
			);
			defaultConfigurationIsVisible = 0;
			defaultConfigurationName = Release;
		};
		65E9E210270C301B00DDEADC /* Build configuration list for PBXNativeTarget "Hahow-iOS-RecruitTests" */ = {
			isa = XCConfigurationList;
			buildConfigurations = (
				65E9E211270C301B00DDEADC /* Debug */,
				65E9E212270C301B00DDEADC /* Release */,
			);
			defaultConfigurationIsVisible = 0;
			defaultConfigurationName = Release;
		};
		65E9E213270C301B00DDEADC /* Build configuration list for PBXNativeTarget "Hahow-iOS-RecruitUITests" */ = {
			isa = XCConfigurationList;
			buildConfigurations = (
				65E9E214270C301B00DDEADC /* Debug */,
				65E9E215270C301B00DDEADC /* Release */,
			);
			defaultConfigurationIsVisible = 0;
			defaultConfigurationName = Release;
		};
/* End XCConfigurationList section */
	};
	rootObject = 65E9E1DB270C301A00DDEADC /* Project object */;
}
